
Microsoft Visual Studio Solution File, Format Version 12.00
# Visual Studio Version 17
VisualStudioVersion = 17.8.34330.188
MinimumVisualStudioVersion = 10.0.40219.1
Project("{2150E333-8FDC-42A3-9474-1A3956D46DE8}") = "src", "src", "{2AFCE21D-6733-4986-956E-EDBCCFE2644E}"
EndProject
Project("{9A19103F-16F7-4668-BE54-9A1E7A4F7556}") = "bokstavsbocker", "src\bokstavsbocker\bokstavsbocker\bokstavsbocker.csproj", "{8B4E1424-043D-470C-9922-178736206D77}"
EndProject
Project("{9A19103F-16F7-4668-BE54-9A1E7A4F7556}") = "bokstavsbocker.Client", "src\bokstavsbocker\bokstavsbocker.Client\bokstavsbocker.Client.csproj", "{F163FC33-453E-4CEB-9F4F-C6FA32D2A531}"
EndProject
Global
	GlobalSection(SolutionConfigurationPlatforms) = preSolution
		Debug|Any CPU = Debug|Any CPU
		Release|Any CPU = Release|Any CPU
	EndGlobalSection
	GlobalSection(ProjectConfigurationPlatforms) = postSolution
		{8B4E1424-043D-470C-9922-178736206D77}.Debug|Any CPU.ActiveCfg = Debug|Any CPU
		{8B4E1424-043D-470C-9922-178736206D77}.Debug|Any CPU.Build.0 = Debug|Any CPU
		{8B4E1424-043D-470C-9922-178736206D77}.Release|Any CPU.ActiveCfg = Release|Any CPU
		{8B4E1424-043D-470C-9922-178736206D77}.Release|Any CPU.Build.0 = Release|Any CPU
		{F163FC33-453E-4CEB-9F4F-C6FA32D2A531}.Debug|Any CPU.ActiveCfg = Debug|Any CPU
		{F163FC33-453E-4CEB-9F4F-C6FA32D2A531}.Debug|Any CPU.Build.0 = Debug|Any CPU
		{F163FC33-453E-4CEB-9F4F-C6FA32D2A531}.Release|Any CPU.ActiveCfg = Release|Any CPU
		{F163FC33-453E-4CEB-9F4F-C6FA32D2A531}.Release|Any CPU.Build.0 = Release|Any CPU
	EndGlobalSection
	GlobalSection(SolutionProperties) = preSolution
		HideSolutionNode = FALSE
	EndGlobalSection
	GlobalSection(NestedProjects) = preSolution
		{8B4E1424-043D-470C-9922-178736206D77} = {2AFCE21D-6733-4986-956E-EDBCCFE2644E}
		{F163FC33-453E-4CEB-9F4F-C6FA32D2A531} = {2AFCE21D-6733-4986-956E-EDBCCFE2644E}
	EndGlobalSection
	GlobalSection(ExtensibilityGlobals) = postSolution
		SolutionGuid = {2BC54C46-5348-4914-BE20-06B96246CB1F}
	EndGlobalSection
EndGlobal
